
Microsoft Visual Studio Solution File, Format Version 12.00
# Visual Studio Version 17
VisualStudioVersion = 17.14.36429.23
MinimumVisualStudioVersion = 10.0.40219.1
Project("{FAE04EC0-301F-11D3-BF4B-00C04F79EFBC}") = "HanashGamingCafe", "HanashGamingCafe\HanashGamingCafe.csproj", "{810D23F3-85E0-43AC-8DFC-E46909B66278}"
EndProject
Global
	GlobalSection(SolutionConfigurationPlatforms) = preSolution
		Debug|Any CPU = Debug|Any CPU
		Release|Any CPU = Release|Any CPU
	EndGlobalSection
	GlobalSection(ProjectConfigurationPlatforms) = postSolution
		{810D23F3-85E0-43AC-8DFC-E46909B66278}.Debug|Any CPU.ActiveCfg = Release|Any CPU
		{810D23F3-85E0-43AC-8DFC-E46909B66278}.Debug|Any CPU.Build.0 = Release|Any CPU
		{810D23F3-85E0-43AC-8DFC-E46909B66278}.Release|Any CPU.ActiveCfg = Release|Any CPU
		{810D23F3-85E0-43AC-8DFC-E46909B66278}.Release|Any CPU.Build.0 = Release|Any CPU
	EndGlobalSection
	GlobalSection(SolutionProperties) = preSolution
		HideSolutionNode = FALSE
	EndGlobalSection
	GlobalSection(ExtensibilityGlobals) = postSolution
		SolutionGuid = {84E34334-03DF-4CFA-B272-9D7A84666EDC}
	EndGlobalSection
EndGlobal
